
Microsoft Visual Studio Solution File, Format Version 12.00
# Visual Studio Version 16
VisualStudioVersion = 25.0.1705.5
MinimumVisualStudioVersion = 10.0.40219.1
Project("{FAE04EC0-301F-11D3-BF4B-00C04F79EFBC}") = "clAppp", "clAppp\clAppp.csproj", "{740B28CC-A230-4A9E-A63F-6C49F7E55759}"
EndProject
Global
	GlobalSection(SolutionConfigurationPlatforms) = preSolution
		Debug|Any CPU = Debug|Any CPU
		Release|Any CPU = Release|Any CPU
	EndGlobalSection
	GlobalSection(ProjectConfigurationPlatforms) = postSolution
		{740B28CC-A230-4A9E-A63F-6C49F7E55759}.Debug|Any CPU.ActiveCfg = Debug|Any CPU
		{740B28CC-A230-4A9E-A63F-6C49F7E55759}.Debug|Any CPU.Build.0 = Debug|Any CPU
		{740B28CC-A230-4A9E-A63F-6C49F7E55759}.Release|Any CPU.ActiveCfg = Release|Any CPU
		{740B28CC-A230-4A9E-A63F-6C49F7E55759}.Release|Any CPU.Build.0 = Release|Any CPU
	EndGlobalSection
	GlobalSection(SolutionProperties) = preSolution
		HideSolutionNode = FALSE
	EndGlobalSection
	GlobalSection(ExtensibilityGlobals) = postSolution
		SolutionGuid = {E45D2631-F591-46A9-808A-B82756A4AFD0}
	EndGlobalSection
EndGlobal
