
Microsoft Visual Studio Solution File, Format Version 12.00
# Visual Studio Version 16
VisualStudioVersion = 25.0.1705.5
MinimumVisualStudioVersion = 10.0.40219.1
Project("{FAE04EC0-301F-11D3-BF4B-00C04F79EFBC}") = "Test", "Test\Test.csproj", "{6CD008B9-1F49-4591-BFF9-B0CF0D65CC73}"
EndProject
Global
	GlobalSection(SolutionConfigurationPlatforms) = preSolution
		Debug|Any CPU = Debug|Any CPU
		Release|Any CPU = Release|Any CPU
	EndGlobalSection
	GlobalSection(ProjectConfigurationPlatforms) = postSolution
		{6CD008B9-1F49-4591-BFF9-B0CF0D65CC73}.Debug|Any CPU.ActiveCfg = Debug|Any CPU
		{6CD008B9-1F49-4591-BFF9-B0CF0D65CC73}.Debug|Any CPU.Build.0 = Debug|Any CPU
		{6CD008B9-1F49-4591-BFF9-B0CF0D65CC73}.Release|Any CPU.ActiveCfg = Release|Any CPU
		{6CD008B9-1F49-4591-BFF9-B0CF0D65CC73}.Release|Any CPU.Build.0 = Release|Any CPU
	EndGlobalSection
	GlobalSection(SolutionProperties) = preSolution
		HideSolutionNode = FALSE
	EndGlobalSection
	GlobalSection(ExtensibilityGlobals) = postSolution
		SolutionGuid = {8A9C8750-0790-4EFF-B7C3-77FBF8F4CDBF}
	EndGlobalSection
EndGlobal
