
Microsoft Visual Studio Solution File, Format Version 12.00
# Visual Studio Version 16
VisualStudioVersion = 25.0.1705.6
MinimumVisualStudioVersion = 10.0.40219.1
Project("{FAE04EC0-301F-11D3-BF4B-00C04F79EFBC}") = "ClothesMagazine", "ClothesMagazine.csproj", "{C6E24C32-7B6D-4C10-86D1-67A82A51B368}"
EndProject
Global
	GlobalSection(SolutionConfigurationPlatforms) = preSolution
		Debug|Any CPU = Debug|Any CPU
		Release|Any CPU = Release|Any CPU
	EndGlobalSection
	GlobalSection(ProjectConfigurationPlatforms) = postSolution
		{C6E24C32-7B6D-4C10-86D1-67A82A51B368}.Debug|Any CPU.ActiveCfg = Debug|Any CPU
		{C6E24C32-7B6D-4C10-86D1-67A82A51B368}.Debug|Any CPU.Build.0 = Debug|Any CPU
		{C6E24C32-7B6D-4C10-86D1-67A82A51B368}.Release|Any CPU.ActiveCfg = Release|Any CPU
		{C6E24C32-7B6D-4C10-86D1-67A82A51B368}.Release|Any CPU.Build.0 = Release|Any CPU
	EndGlobalSection
	GlobalSection(SolutionProperties) = preSolution
		HideSolutionNode = FALSE
	EndGlobalSection
	GlobalSection(ExtensibilityGlobals) = postSolution
		SolutionGuid = {A2A66630-1FFC-4736-ACB3-EB8E42329D6F}
	EndGlobalSection
EndGlobal
