
Microsoft Visual Studio Solution File, Format Version 12.00
# Visual Studio Version 16
VisualStudioVersion = 25.0.1705.5
MinimumVisualStudioVersion = 10.0.40219.1
Project("{FAE04EC0-301F-11D3-BF4B-00C04F79EFBC}") = "CarManufacturer", "CarManufacturer\CarManufacturer.csproj", "{C99CF7A7-2D49-45CE-B2C2-4FB5CEE2E0C1}"
EndProject
Global
	GlobalSection(SolutionConfigurationPlatforms) = preSolution
		Debug|Any CPU = Debug|Any CPU
		Release|Any CPU = Release|Any CPU
	EndGlobalSection
	GlobalSection(ProjectConfigurationPlatforms) = postSolution
		{C99CF7A7-2D49-45CE-B2C2-4FB5CEE2E0C1}.Debug|Any CPU.ActiveCfg = Debug|Any CPU
		{C99CF7A7-2D49-45CE-B2C2-4FB5CEE2E0C1}.Debug|Any CPU.Build.0 = Debug|Any CPU
		{C99CF7A7-2D49-45CE-B2C2-4FB5CEE2E0C1}.Release|Any CPU.ActiveCfg = Release|Any CPU
		{C99CF7A7-2D49-45CE-B2C2-4FB5CEE2E0C1}.Release|Any CPU.Build.0 = Release|Any CPU
	EndGlobalSection
	GlobalSection(SolutionProperties) = preSolution
		HideSolutionNode = FALSE
	EndGlobalSection
	GlobalSection(ExtensibilityGlobals) = postSolution
		SolutionGuid = {20040663-6D3B-4C85-AA4E-1CFD8405F9D0}
	EndGlobalSection
EndGlobal
