
Microsoft Visual Studio Solution File, Format Version 12.00
# Visual Studio Version 16
VisualStudioVersion = 25.0.1705.6
MinimumVisualStudioVersion = 10.0.40219.1
Project("{FAE04EC0-301F-11D3-BF4B-00C04F79EFBC}") = "Barista Contest", "Barista Contest\Barista Contest.csproj", "{0BB907B3-22A3-4F44-9469-3E17AE1E25D4}"
EndProject
Global
	GlobalSection(SolutionConfigurationPlatforms) = preSolution
		Debug|Any CPU = Debug|Any CPU
		Release|Any CPU = Release|Any CPU
	EndGlobalSection
	GlobalSection(ProjectConfigurationPlatforms) = postSolution
		{0BB907B3-22A3-4F44-9469-3E17AE1E25D4}.Debug|Any CPU.ActiveCfg = Debug|Any CPU
		{0BB907B3-22A3-4F44-9469-3E17AE1E25D4}.Debug|Any CPU.Build.0 = Debug|Any CPU
		{0BB907B3-22A3-4F44-9469-3E17AE1E25D4}.Release|Any CPU.ActiveCfg = Release|Any CPU
		{0BB907B3-22A3-4F44-9469-3E17AE1E25D4}.Release|Any CPU.Build.0 = Release|Any CPU
	EndGlobalSection
	GlobalSection(SolutionProperties) = preSolution
		HideSolutionNode = FALSE
	EndGlobalSection
	GlobalSection(ExtensibilityGlobals) = postSolution
		SolutionGuid = {6F8DD070-78A7-4CBB-93C4-422DE042DEE0}
	EndGlobalSection
EndGlobal
