
Microsoft Visual Studio Solution File, Format Version 12.00
# Visual Studio Version 16
VisualStudioVersion = 25.0.1705.5
MinimumVisualStudioVersion = 10.0.40219.1
Project("{FAE04EC0-301F-11D3-BF4B-00C04F79EFBC}") = "Clases", "Clases\Clases.csproj", "{FD4AC339-DF20-4F8F-8418-82346FCE3254}"
EndProject
Global
	GlobalSection(SolutionConfigurationPlatforms) = preSolution
		Debug|Any CPU = Debug|Any CPU
		Release|Any CPU = Release|Any CPU
	EndGlobalSection
	GlobalSection(ProjectConfigurationPlatforms) = postSolution
		{FD4AC339-DF20-4F8F-8418-82346FCE3254}.Debug|Any CPU.ActiveCfg = Debug|Any CPU
		{FD4AC339-DF20-4F8F-8418-82346FCE3254}.Debug|Any CPU.Build.0 = Debug|Any CPU
		{FD4AC339-DF20-4F8F-8418-82346FCE3254}.Release|Any CPU.ActiveCfg = Release|Any CPU
		{FD4AC339-DF20-4F8F-8418-82346FCE3254}.Release|Any CPU.Build.0 = Release|Any CPU
	EndGlobalSection
	GlobalSection(SolutionProperties) = preSolution
		HideSolutionNode = FALSE
	EndGlobalSection
	GlobalSection(ExtensibilityGlobals) = postSolution
		SolutionGuid = {70625B71-18AC-4B8F-8A40-1DE2563B679D}
	EndGlobalSection
EndGlobal
